
Microsoft Visual Studio Solution File, Format Version 12.00
# Visual Studio Version 17
VisualStudioVersion = 17.11.35303.130
MinimumVisualStudioVersion = 10.0.40219.1
Project("{FAE04EC0-301F-11D3-BF4B-00C04F79EFBC}") = "DER_overlay", "DER_overlay.csproj", "{09502E0A-5818-4A26-875B-2480415BF796}"
EndProject
Global
	GlobalSection(SolutionConfigurationPlatforms) = preSolution
		Debug|Any CPU = Debug|Any CPU
		Release|Any CPU = Release|Any CPU
	EndGlobalSection
	GlobalSection(ProjectConfigurationPlatforms) = postSolution
		{09502E0A-5818-4A26-875B-2480415BF796}.Debug|Any CPU.ActiveCfg = Debug|Any CPU
		{09502E0A-5818-4A26-875B-2480415BF796}.Debug|Any CPU.Build.0 = Debug|Any CPU
		{09502E0A-5818-4A26-875B-2480415BF796}.Release|Any CPU.ActiveCfg = Release|Any CPU
		{09502E0A-5818-4A26-875B-2480415BF796}.Release|Any CPU.Build.0 = Release|Any CPU
	EndGlobalSection
	GlobalSection(SolutionProperties) = preSolution
		HideSolutionNode = FALSE
	EndGlobalSection
	GlobalSection(ExtensibilityGlobals) = postSolution
		SolutionGuid = {45100FB8-5FF8-4D64-8B30-38FAC617EA62}
	EndGlobalSection
EndGlobal
